
Microsoft Visual Studio Solution File, Format Version 12.00
# Visual Studio Version 17
VisualStudioVersion = 17.4.33403.182
MinimumVisualStudioVersion = 10.0.40219.1
Project("{6EC3EE1D-3C4E-46DD-8F32-0CC8E7565705}") = "BracketsBalance", "BracketsBalance.fsproj", "{90E35680-C967-4945-823F-4F93E9D2EE38}"
EndProject
Project("{F2A71F9B-5D33-465A-A702-920D77279786}") = "BracketsBalanceTests", "..\BracketsBalanceTests\BracketsBalanceTests.fsproj", "{18C21E7F-9C32-46BD-AAA3-F013AEE880B3}"
EndProject
Global
	GlobalSection(SolutionConfigurationPlatforms) = preSolution
		Debug|Any CPU = Debug|Any CPU
		Release|Any CPU = Release|Any CPU
	EndGlobalSection
	GlobalSection(ProjectConfigurationPlatforms) = postSolution
		{90E35680-C967-4945-823F-4F93E9D2EE38}.Debug|Any CPU.ActiveCfg = Debug|Any CPU
		{90E35680-C967-4945-823F-4F93E9D2EE38}.Debug|Any CPU.Build.0 = Debug|Any CPU
		{90E35680-C967-4945-823F-4F93E9D2EE38}.Release|Any CPU.ActiveCfg = Release|Any CPU
		{90E35680-C967-4945-823F-4F93E9D2EE38}.Release|Any CPU.Build.0 = Release|Any CPU
		{18C21E7F-9C32-46BD-AAA3-F013AEE880B3}.Debug|Any CPU.ActiveCfg = Debug|Any CPU
		{18C21E7F-9C32-46BD-AAA3-F013AEE880B3}.Debug|Any CPU.Build.0 = Debug|Any CPU
		{18C21E7F-9C32-46BD-AAA3-F013AEE880B3}.Release|Any CPU.ActiveCfg = Release|Any CPU
		{18C21E7F-9C32-46BD-AAA3-F013AEE880B3}.Release|Any CPU.Build.0 = Release|Any CPU
	EndGlobalSection
	GlobalSection(SolutionProperties) = preSolution
		HideSolutionNode = FALSE
	EndGlobalSection
	GlobalSection(ExtensibilityGlobals) = postSolution
		SolutionGuid = {D78F12F6-7B44-46E8-89B5-05F527ACEA04}
	EndGlobalSection
EndGlobal
