
Microsoft Visual Studio Solution File, Format Version 12.00
Project("{F2A71F9B-5D33-465A-A702-920D77279786}") = "LocalNetwork", "LocalNetwork.fsproj", "{BDCE0AAD-BD3D-4BEF-AA2B-0ED69E7B7969}"
EndProject
Global
	GlobalSection(SolutionConfigurationPlatforms) = preSolution
		Debug|Any CPU = Debug|Any CPU
		Release|Any CPU = Release|Any CPU
	EndGlobalSection
	GlobalSection(ProjectConfigurationPlatforms) = postSolution
		{BDCE0AAD-BD3D-4BEF-AA2B-0ED69E7B7969}.Debug|Any CPU.ActiveCfg = Debug|Any CPU
		{BDCE0AAD-BD3D-4BEF-AA2B-0ED69E7B7969}.Debug|Any CPU.Build.0 = Debug|Any CPU
		{BDCE0AAD-BD3D-4BEF-AA2B-0ED69E7B7969}.Release|Any CPU.ActiveCfg = Release|Any CPU
		{BDCE0AAD-BD3D-4BEF-AA2B-0ED69E7B7969}.Release|Any CPU.Build.0 = Release|Any CPU
	EndGlobalSection
EndGlobal
