
Microsoft Visual Studio Solution File, Format Version 12.00
# Visual Studio Version 17
VisualStudioVersion = 17.4.33403.182
MinimumVisualStudioVersion = 10.0.40219.1
Project("{6EC3EE1D-3C4E-46DD-8F32-0CC8E7565705}") = "PrimeNumbers", "PrimeNumbers.fsproj", "{83941CD6-E4CB-4B84-BF45-FB5BB05168F2}"
EndProject
Project("{F2A71F9B-5D33-465A-A702-920D77279786}") = "PrimeNumbersTests", "..\PrimeNumbersTests\PrimeNumbersTests.fsproj", "{5764FA80-F945-4CD3-8823-16EB4EC8F029}"
EndProject
Global
	GlobalSection(SolutionConfigurationPlatforms) = preSolution
		Debug|Any CPU = Debug|Any CPU
		Release|Any CPU = Release|Any CPU
	EndGlobalSection
	GlobalSection(ProjectConfigurationPlatforms) = postSolution
		{83941CD6-E4CB-4B84-BF45-FB5BB05168F2}.Debug|Any CPU.ActiveCfg = Debug|Any CPU
		{83941CD6-E4CB-4B84-BF45-FB5BB05168F2}.Debug|Any CPU.Build.0 = Debug|Any CPU
		{83941CD6-E4CB-4B84-BF45-FB5BB05168F2}.Release|Any CPU.ActiveCfg = Release|Any CPU
		{83941CD6-E4CB-4B84-BF45-FB5BB05168F2}.Release|Any CPU.Build.0 = Release|Any CPU
		{5764FA80-F945-4CD3-8823-16EB4EC8F029}.Debug|Any CPU.ActiveCfg = Debug|Any CPU
		{5764FA80-F945-4CD3-8823-16EB4EC8F029}.Debug|Any CPU.Build.0 = Debug|Any CPU
		{5764FA80-F945-4CD3-8823-16EB4EC8F029}.Release|Any CPU.ActiveCfg = Release|Any CPU
		{5764FA80-F945-4CD3-8823-16EB4EC8F029}.Release|Any CPU.Build.0 = Release|Any CPU
	EndGlobalSection
	GlobalSection(SolutionProperties) = preSolution
		HideSolutionNode = FALSE
	EndGlobalSection
	GlobalSection(ExtensibilityGlobals) = postSolution
		SolutionGuid = {8DAB495C-531E-4484-B9AD-DC2C16F658F0}
	EndGlobalSection
EndGlobal
